
Microsoft Visual Studio Solution File, Format Version 12.00
# Visual Studio 14
VisualStudioVersion = 14.0.25420.1
MinimumVisualStudioVersion = 10.0.40219.1
Project("{FAE04EC0-301F-11D3-BF4B-00C04F79EFBC}") = "Execersies 5", "Execersies 5\Execersies 5.csproj", "{E20B3C24-2CA5-4B3F-B74E-859348453DAD}"
EndProject
Project("{FAE04EC0-301F-11D3-BF4B-00C04F79EFBC}") = "Execersies 5-1", "Execersies 5-1\Execersies 5-1.csproj", "{7A67F899-3AF9-49D2-9816-455BAA9D5275}"
EndProject
Project("{FAE04EC0-301F-11D3-BF4B-00C04F79EFBC}") = "Execersies 5-2 SwitchCase", "Execersies 5-2 SwitchCase\Execersies 5-2 SwitchCase.csproj", "{D7A95462-D85C-45A0-B405-AA91E3A1BB73}"
EndProject
Project("{FAE04EC0-301F-11D3-BF4B-00C04F79EFBC}") = "Execersies 5-3", "Execersies 5-3\Execersies 5-3.csproj", "{757CE882-7005-4BAA-AA9C-4F0436B836B1}"
EndProject
Project("{FAE04EC0-301F-11D3-BF4B-00C04F79EFBC}") = "Execersies 5-4", "Execersies 5-4\Execersies 5-4.csproj", "{F6B81A43-827C-4600-A1BD-0A0ED44E9510}"
EndProject
Global
	GlobalSection(SolutionConfigurationPlatforms) = preSolution
		Debug|Any CPU = Debug|Any CPU
		Release|Any CPU = Release|Any CPU
	EndGlobalSection
	GlobalSection(ProjectConfigurationPlatforms) = postSolution
		{E20B3C24-2CA5-4B3F-B74E-859348453DAD}.Debug|Any CPU.ActiveCfg = Debug|Any CPU
		{E20B3C24-2CA5-4B3F-B74E-859348453DAD}.Debug|Any CPU.Build.0 = Debug|Any CPU
		{E20B3C24-2CA5-4B3F-B74E-859348453DAD}.Release|Any CPU.ActiveCfg = Release|Any CPU
		{E20B3C24-2CA5-4B3F-B74E-859348453DAD}.Release|Any CPU.Build.0 = Release|Any CPU
		{7A67F899-3AF9-49D2-9816-455BAA9D5275}.Debug|Any CPU.ActiveCfg = Debug|Any CPU
		{7A67F899-3AF9-49D2-9816-455BAA9D5275}.Debug|Any CPU.Build.0 = Debug|Any CPU
		{7A67F899-3AF9-49D2-9816-455BAA9D5275}.Release|Any CPU.ActiveCfg = Release|Any CPU
		{7A67F899-3AF9-49D2-9816-455BAA9D5275}.Release|Any CPU.Build.0 = Release|Any CPU
		{D7A95462-D85C-45A0-B405-AA91E3A1BB73}.Debug|Any CPU.ActiveCfg = Debug|Any CPU
		{D7A95462-D85C-45A0-B405-AA91E3A1BB73}.Debug|Any CPU.Build.0 = Debug|Any CPU
		{D7A95462-D85C-45A0-B405-AA91E3A1BB73}.Release|Any CPU.ActiveCfg = Release|Any CPU
		{D7A95462-D85C-45A0-B405-AA91E3A1BB73}.Release|Any CPU.Build.0 = Release|Any CPU
		{757CE882-7005-4BAA-AA9C-4F0436B836B1}.Debug|Any CPU.ActiveCfg = Debug|Any CPU
		{757CE882-7005-4BAA-AA9C-4F0436B836B1}.Debug|Any CPU.Build.0 = Debug|Any CPU
		{757CE882-7005-4BAA-AA9C-4F0436B836B1}.Release|Any CPU.ActiveCfg = Release|Any CPU
		{757CE882-7005-4BAA-AA9C-4F0436B836B1}.Release|Any CPU.Build.0 = Release|Any CPU
		{F6B81A43-827C-4600-A1BD-0A0ED44E9510}.Debug|Any CPU.ActiveCfg = Debug|Any CPU
		{F6B81A43-827C-4600-A1BD-0A0ED44E9510}.Debug|Any CPU.Build.0 = Debug|Any CPU
		{F6B81A43-827C-4600-A1BD-0A0ED44E9510}.Release|Any CPU.ActiveCfg = Release|Any CPU
		{F6B81A43-827C-4600-A1BD-0A0ED44E9510}.Release|Any CPU.Build.0 = Release|Any CPU
	EndGlobalSection
	GlobalSection(SolutionProperties) = preSolution
		HideSolutionNode = FALSE
	EndGlobalSection
EndGlobal
